
Microsoft Visual Studio Solution File, Format Version 12.00
# Visual Studio Version 17
VisualStudioVersion = 17.5.33516.290
MinimumVisualStudioVersion = 10.0.40219.1
Project("{FAE04EC0-301F-11D3-BF4B-00C04F79EFBC}") = "BTL3_MVT", "BTL3_MVT\BTL3_MVT.csproj", "{EBE6C9F2-4BBC-45A5-86BE-C3102991C18A}"
EndProject
Global
	GlobalSection(SolutionConfigurationPlatforms) = preSolution
		Debug|Any CPU = Debug|Any CPU
		Release|Any CPU = Release|Any CPU
	EndGlobalSection
	GlobalSection(ProjectConfigurationPlatforms) = postSolution
		{EBE6C9F2-4BBC-45A5-86BE-C3102991C18A}.Debug|Any CPU.ActiveCfg = Debug|Any CPU
		{EBE6C9F2-4BBC-45A5-86BE-C3102991C18A}.Debug|Any CPU.Build.0 = Debug|Any CPU
		{EBE6C9F2-4BBC-45A5-86BE-C3102991C18A}.Release|Any CPU.ActiveCfg = Release|Any CPU
		{EBE6C9F2-4BBC-45A5-86BE-C3102991C18A}.Release|Any CPU.Build.0 = Release|Any CPU
	EndGlobalSection
	GlobalSection(SolutionProperties) = preSolution
		HideSolutionNode = FALSE
	EndGlobalSection
	GlobalSection(ExtensibilityGlobals) = postSolution
		SolutionGuid = {6EE6F775-AF7B-456B-89E7-9BF49C82B94E}
	EndGlobalSection
EndGlobal
